
Microsoft Visual Studio Solution File, Format Version 12.00
# Visual Studio Version 17
VisualStudioVersion = 17.3.32929.385
MinimumVisualStudioVersion = 10.0.40219.1
Project("{9A19103F-16F7-4668-BE54-9A1E7A4F7556}") = "ShipBase", "ShipBase\ShipBase.csproj", "{73896A75-8609-48F2-ACB1-CA0463093F71}"
	ProjectSection(ProjectDependencies) = postProject
		{547A3F07-8E83-476A-B125-5D37E858CED3} = {547A3F07-8E83-476A-B125-5D37E858CED3}
		{E786D966-C745-4198-BF60-F9FE82C6FFB2} = {E786D966-C745-4198-BF60-F9FE82C6FFB2}
		{F50FC822-2B62-43AA-9E8E-4C028AF4FFD1} = {F50FC822-2B62-43AA-9E8E-4C028AF4FFD1}
	EndProjectSection
EndProject
Project("{2150E333-8FDC-42A3-9474-1A3956D46DE8}") = "Domain", "Domain", "{0E631994-65A1-4BF5-939E-7D7113D54A1D}"
EndProject
Project("{9A19103F-16F7-4668-BE54-9A1E7A4F7556}") = "ShipBase.Domain", "ShopBase.Domain\ShipBase.Domain.csproj", "{F50FC822-2B62-43AA-9E8E-4C028AF4FFD1}"
EndProject
Project("{2150E333-8FDC-42A3-9474-1A3956D46DE8}") = "DAL", "DAL", "{222F8AB8-3A3F-4A09-AC79-B5FF92CA8137}"
EndProject
Project("{9A19103F-16F7-4668-BE54-9A1E7A4F7556}") = "ShipBase.DAL", "ShipBase.DAL\ShipBase.DAL.csproj", "{E786D966-C745-4198-BF60-F9FE82C6FFB2}"
	ProjectSection(ProjectDependencies) = postProject
		{F50FC822-2B62-43AA-9E8E-4C028AF4FFD1} = {F50FC822-2B62-43AA-9E8E-4C028AF4FFD1}
	EndProjectSection
EndProject
Project("{2150E333-8FDC-42A3-9474-1A3956D46DE8}") = "Service", "Service", "{D1393DB4-39B5-4F79-B99E-5F323221C87E}"
EndProject
Project("{9A19103F-16F7-4668-BE54-9A1E7A4F7556}") = "ShipBase.Service", "ShipBase.Service\ShipBase.Service.csproj", "{547A3F07-8E83-476A-B125-5D37E858CED3}"
	ProjectSection(ProjectDependencies) = postProject
		{E786D966-C745-4198-BF60-F9FE82C6FFB2} = {E786D966-C745-4198-BF60-F9FE82C6FFB2}
		{F50FC822-2B62-43AA-9E8E-4C028AF4FFD1} = {F50FC822-2B62-43AA-9E8E-4C028AF4FFD1}
	EndProjectSection
EndProject
Project("{FAE04EC0-301F-11D3-BF4B-00C04F79EFBC}") = "ShipBaseTest", "ShipBaseTest\ShipBaseTest.csproj", "{34210C71-4670-4E8C-B072-EA66949B670B}"
EndProject
Project("{2150E333-8FDC-42A3-9474-1A3956D46DE8}") = "test", "test", "{A82CBEEE-8F75-4EDA-8C79-18DE024C5A62}"
EndProject
Global
	GlobalSection(SolutionConfigurationPlatforms) = preSolution
		Debug|Any CPU = Debug|Any CPU
		Release|Any CPU = Release|Any CPU
	EndGlobalSection
	GlobalSection(ProjectConfigurationPlatforms) = postSolution
		{73896A75-8609-48F2-ACB1-CA0463093F71}.Debug|Any CPU.ActiveCfg = Debug|Any CPU
		{73896A75-8609-48F2-ACB1-CA0463093F71}.Debug|Any CPU.Build.0 = Debug|Any CPU
		{73896A75-8609-48F2-ACB1-CA0463093F71}.Release|Any CPU.ActiveCfg = Release|Any CPU
		{73896A75-8609-48F2-ACB1-CA0463093F71}.Release|Any CPU.Build.0 = Release|Any CPU
		{F50FC822-2B62-43AA-9E8E-4C028AF4FFD1}.Debug|Any CPU.ActiveCfg = Debug|Any CPU
		{F50FC822-2B62-43AA-9E8E-4C028AF4FFD1}.Debug|Any CPU.Build.0 = Debug|Any CPU
		{F50FC822-2B62-43AA-9E8E-4C028AF4FFD1}.Release|Any CPU.ActiveCfg = Release|Any CPU
		{F50FC822-2B62-43AA-9E8E-4C028AF4FFD1}.Release|Any CPU.Build.0 = Release|Any CPU
		{E786D966-C745-4198-BF60-F9FE82C6FFB2}.Debug|Any CPU.ActiveCfg = Debug|Any CPU
		{E786D966-C745-4198-BF60-F9FE82C6FFB2}.Debug|Any CPU.Build.0 = Debug|Any CPU
		{E786D966-C745-4198-BF60-F9FE82C6FFB2}.Release|Any CPU.ActiveCfg = Release|Any CPU
		{E786D966-C745-4198-BF60-F9FE82C6FFB2}.Release|Any CPU.Build.0 = Release|Any CPU
		{547A3F07-8E83-476A-B125-5D37E858CED3}.Debug|Any CPU.ActiveCfg = Debug|Any CPU
		{547A3F07-8E83-476A-B125-5D37E858CED3}.Debug|Any CPU.Build.0 = Debug|Any CPU
		{547A3F07-8E83-476A-B125-5D37E858CED3}.Release|Any CPU.ActiveCfg = Release|Any CPU
		{547A3F07-8E83-476A-B125-5D37E858CED3}.Release|Any CPU.Build.0 = Release|Any CPU
		{34210C71-4670-4E8C-B072-EA66949B670B}.Debug|Any CPU.ActiveCfg = Debug|Any CPU
		{34210C71-4670-4E8C-B072-EA66949B670B}.Debug|Any CPU.Build.0 = Debug|Any CPU
		{34210C71-4670-4E8C-B072-EA66949B670B}.Release|Any CPU.ActiveCfg = Release|Any CPU
		{34210C71-4670-4E8C-B072-EA66949B670B}.Release|Any CPU.Build.0 = Release|Any CPU
	EndGlobalSection
	GlobalSection(SolutionProperties) = preSolution
		HideSolutionNode = FALSE
	EndGlobalSection
	GlobalSection(NestedProjects) = preSolution
		{F50FC822-2B62-43AA-9E8E-4C028AF4FFD1} = {0E631994-65A1-4BF5-939E-7D7113D54A1D}
		{E786D966-C745-4198-BF60-F9FE82C6FFB2} = {222F8AB8-3A3F-4A09-AC79-B5FF92CA8137}
		{547A3F07-8E83-476A-B125-5D37E858CED3} = {D1393DB4-39B5-4F79-B99E-5F323221C87E}
		{34210C71-4670-4E8C-B072-EA66949B670B} = {A82CBEEE-8F75-4EDA-8C79-18DE024C5A62}
	EndGlobalSection
	GlobalSection(ExtensibilityGlobals) = postSolution
		SolutionGuid = {47A5D4DF-8C72-4D37-AEBB-49C48101E176}
	EndGlobalSection
EndGlobal
